Microsoft Visual Studio Solution File, Format Version 11.00
# Visual Studio 2008

Project("{85DD5630-4826-E3FC-3288-3CB368C804F1}") = "PlatformGame006", "Assembly-CSharp.csproj", "{EA7FA28B-A82C-8A74-FFAE-AEBBD843D8D9}"
EndProject
Global
	GlobalSection(SolutionConfigurationPlatforms) = preSolution
		Debug|Any CPU = Debug|Any CPU
		Release|Any CPU = Release|Any CPU
	EndGlobalSection
	GlobalSection(ProjectConfigurationPlatforms) = postSolution
		{EA7FA28B-A82C-8A74-FFAE-AEBBD843D8D9}.Debug|Any CPU.ActiveCfg = Debug|Any CPU
		{EA7FA28B-A82C-8A74-FFAE-AEBBD843D8D9}.Debug|Any CPU.Build.0 = Debug|Any CPU
		{EA7FA28B-A82C-8A74-FFAE-AEBBD843D8D9}.Release|Any CPU.ActiveCfg = Release|Any CPU
		{EA7FA28B-A82C-8A74-FFAE-AEBBD843D8D9}.Release|Any CPU.Build.0 = Release|Any CPU
	EndGlobalSection
	GlobalSection(SolutionProperties) = preSolution
		HideSolutionNode = FALSE
	EndGlobalSection
	GlobalSection(MonoDevelopProperties) = preSolution
		StartupItem = Assembly-CSharp.csproj
	EndGlobalSection
EndGlobal
