Microsoft Visual Studio Solution File, Format Version 11.00
# Visual Studio 2008

Project("{A0901907-D1C8-413C-62FE-5A2638BBAE85}") = "PlatformGame010", "Assembly-CSharp.csproj", "{75707389-E5D5-5A2A-FDCA-E3ED500C7A53}"
EndProject
Global
	GlobalSection(SolutionConfigurationPlatforms) = preSolution
		Debug|Any CPU = Debug|Any CPU
		Release|Any CPU = Release|Any CPU
	EndGlobalSection
	GlobalSection(ProjectConfigurationPlatforms) = postSolution
		{75707389-E5D5-5A2A-FDCA-E3ED500C7A53}.Debug|Any CPU.ActiveCfg = Debug|Any CPU
		{75707389-E5D5-5A2A-FDCA-E3ED500C7A53}.Debug|Any CPU.Build.0 = Debug|Any CPU
		{75707389-E5D5-5A2A-FDCA-E3ED500C7A53}.Release|Any CPU.ActiveCfg = Release|Any CPU
		{75707389-E5D5-5A2A-FDCA-E3ED500C7A53}.Release|Any CPU.Build.0 = Release|Any CPU
	EndGlobalSection
	GlobalSection(SolutionProperties) = preSolution
		HideSolutionNode = FALSE
	EndGlobalSection
	GlobalSection(MonoDevelopProperties) = preSolution
		StartupItem = Assembly-CSharp.csproj
	EndGlobalSection
EndGlobal
