Microsoft Visual Studio Solution File, Format Version 11.00
# Visual Studio 2008

Project("{C0206E91-9E42-8857-1378-057C3CE598B7}") = "PlatformGame014", "Assembly-CSharp.csproj", "{8E043E2D-BD24-BB5B-F9F5-1B25F39B9522}"
EndProject
Global
	GlobalSection(SolutionConfigurationPlatforms) = preSolution
		Debug|Any CPU = Debug|Any CPU
		Release|Any CPU = Release|Any CPU
	EndGlobalSection
	GlobalSection(ProjectConfigurationPlatforms) = postSolution
		{8E043E2D-BD24-BB5B-F9F5-1B25F39B9522}.Debug|Any CPU.ActiveCfg = Debug|Any CPU
		{8E043E2D-BD24-BB5B-F9F5-1B25F39B9522}.Debug|Any CPU.Build.0 = Debug|Any CPU
		{8E043E2D-BD24-BB5B-F9F5-1B25F39B9522}.Release|Any CPU.ActiveCfg = Release|Any CPU
		{8E043E2D-BD24-BB5B-F9F5-1B25F39B9522}.Release|Any CPU.Build.0 = Release|Any CPU
	EndGlobalSection
	GlobalSection(SolutionProperties) = preSolution
		HideSolutionNode = FALSE
	EndGlobalSection
	GlobalSection(MonoDevelopProperties) = preSolution
		StartupItem = Assembly-CSharp.csproj
	EndGlobalSection
EndGlobal
