Microsoft Visual Studio Solution File, Format Version 11.00
# Visual Studio 2008

Project("{C940B147-2C7A-AE7C-68A6-29A59A899288}") = "PlatformGame005", "Assembly-CSharp.csproj", "{FADF6126-5A23-6EA8-71D5-853AB0FD7006}"
EndProject
Global
	GlobalSection(SolutionConfigurationPlatforms) = preSolution
		Debug|Any CPU = Debug|Any CPU
		Release|Any CPU = Release|Any CPU
	EndGlobalSection
	GlobalSection(ProjectConfigurationPlatforms) = postSolution
		{FADF6126-5A23-6EA8-71D5-853AB0FD7006}.Debug|Any CPU.ActiveCfg = Debug|Any CPU
		{FADF6126-5A23-6EA8-71D5-853AB0FD7006}.Debug|Any CPU.Build.0 = Debug|Any CPU
		{FADF6126-5A23-6EA8-71D5-853AB0FD7006}.Release|Any CPU.ActiveCfg = Release|Any CPU
		{FADF6126-5A23-6EA8-71D5-853AB0FD7006}.Release|Any CPU.Build.0 = Release|Any CPU
	EndGlobalSection
	GlobalSection(SolutionProperties) = preSolution
		HideSolutionNode = FALSE
	EndGlobalSection
	GlobalSection(MonoDevelopProperties) = preSolution
		StartupItem = Assembly-CSharp.csproj
	EndGlobalSection
EndGlobal
